{
  "name": "fathomfinder",
  "version": "1.0.0",
  "lockfileVersion": 3,
  "requires": true,
  "packages": {
    "": {
      "name": "fathomfinder",
      "version": "1.0.0",
      "license": "UNLICENSED",
      "dependencies": {
        "dotenv": "^16.4.5",
        "fuzzysort": "^2.0.4"
      },
      "engines": {
        "node": ">=18"
      }
    },
    "node_modules/dotenv": {
      "version": "16.6.1",
      "resolved": "https://registry.npmjs.org/dotenv/-/dotenv-16.6.1.tgz",
      "integrity": "sha512-uBq4egWHTcTt33a72vpSG0z3HnPuIl6NqYcTrKEg2azoEyl2hpW0zqlxysq2pK9HlDIHyHyakeYaYnSAwd8bow==",
      "license": "BSD-2-Clause",
      "engines": {
        "node": ">=12"
      },
      "funding": {
        "url": "https://dotenvx.com"
      }
    },
    "node_modules/fuzzysort": {
      "version": "2.0.4",
      "resolved": "https://registry.npmjs.org/fuzzysort/-/fuzzysort-2.0.4.tgz",
      "integrity": "sha512-Api1mJL+Ad7W7vnDZnWq5pGaXJjyencT+iKGia2PlHUcSsSzWwIQ3S1isiMpwpavjYtGd2FzhUIhnnhOULZgDw==",
      "license": "MIT"
    }
  }
}
